
Microsoft Visual Studio Solution File, Format Version 12.00
# Visual Studio Version 17
VisualStudioVersion = 17.5.33424.131
MinimumVisualStudioVersion = 10.0.40219.1
Project("{9A19103F-16F7-4668-BE54-9A1E7A4F7556}") = "Epam.Kafka", "src\Epam.Kafka\Epam.Kafka.csproj", "{79C18F23-2E66-44AA-A771-50082C68282B}"
EndProject
Project("{2150E333-8FDC-42A3-9474-1A3956D46DE8}") = "Misc", "Misc", "{A5013F6E-5A4E-4FC5-8A20-96AEB83BA9C7}"
	ProjectSection(SolutionItems) = preProject
		.editorconfig = .editorconfig
		.gitignore = .gitignore
		.runsettings = .runsettings
		build.cmd = build.cmd
		.config\dotnet-tools.json = .config\dotnet-tools.json
	EndProjectSection
EndProject
Project("{9A19103F-16F7-4668-BE54-9A1E7A4F7556}") = "Epam.Kafka.Tests", "tests\Epam.Kafka.Tests\Epam.Kafka.Tests.csproj", "{AFC21608-1D16-4D15-8266-A5E0E2705D3C}"
EndProject
Project("{2150E333-8FDC-42A3-9474-1A3956D46DE8}") = "Src", "Src", "{E0525F24-5B2C-4D26-A93F-6817B1540C87}"
	ProjectSection(SolutionItems) = preProject
		src\Directory.Build.props = src\Directory.Build.props
	EndProjectSection
EndProject
Project("{2150E333-8FDC-42A3-9474-1A3956D46DE8}") = "Tests", "Tests", "{837928B6-19AD-471C-A875-912C7F1F97C7}"
	ProjectSection(SolutionItems) = preProject
		tests\Directory.Build.props = tests\Directory.Build.props
	EndProjectSection
EndProject
Project("{9A19103F-16F7-4668-BE54-9A1E7A4F7556}") = "Epam.Kafka.PubSub", "src\Epam.Kafka.PubSub\Epam.Kafka.PubSub.csproj", "{182A3350-00C8-496B-A7C8-4F92B664D97D}"
EndProject
Project("{9A19103F-16F7-4668-BE54-9A1E7A4F7556}") = "Epam.Kafka.PubSub.EntityFrameworkCore", "src\Epam.Kafka.PubSub.EntityFrameworkCore\Epam.Kafka.PubSub.EntityFrameworkCore.csproj", "{C74D6423-77F4-4778-8C25-9B4EA5512841}"
EndProject
Project("{9A19103F-16F7-4668-BE54-9A1E7A4F7556}") = "Epam.Kafka.PubSub.Tests", "tests\Epam.Kafka.PubSub.Tests\Epam.Kafka.PubSub.Tests.csproj", "{1C278B5D-4685-4677-8895-90244028BEB3}"
EndProject
Project("{9A19103F-16F7-4668-BE54-9A1E7A4F7556}") = "Epam.Kafka.PubSub.EntityFrameworkCore.Tests", "tests\Epam.Kafka.PubSub.EntityFrameworkCore.Tests\Epam.Kafka.PubSub.EntityFrameworkCore.Tests.csproj", "{B89145BF-B42C-4674-BDD5-61A9BFEB4AA3}"
EndProject
Project("{9A19103F-16F7-4668-BE54-9A1E7A4F7556}") = "Epam.Kafka.PubSub.IntegrationTests", "tests\Epam.Kafka.PubSub.IntegrationTests\Epam.Kafka.PubSub.IntegrationTests.csproj", "{2E0E5146-9022-41A4-A8F6-7460F69639B1}"
EndProject
Project("{9A19103F-16F7-4668-BE54-9A1E7A4F7556}") = "Epam.Kafka.PubSub.EntityFramework6", "src\Epam.Kafka.PubSub.EntityFramework6\Epam.Kafka.PubSub.EntityFramework6.csproj", "{191052C8-A238-40F2-9322-A8B98CECA156}"
EndProject
Project("{9A19103F-16F7-4668-BE54-9A1E7A4F7556}") = "Epam.Kafka.PubSub.EntityFramework6.Tests", "tests\Epam.Kafka.PubSub.EntityFramework6.Tests\Epam.Kafka.PubSub.EntityFramework6.Tests.csproj", "{9BF7230E-5647-44F5-A7E5-CAA5C80A5A94}"
EndProject
Project("{2150E333-8FDC-42A3-9474-1A3956D46DE8}") = ".github", ".github", "{A87B39B7-FF58-4305-83E5-5AE99D3ECC1A}"
	ProjectSection(SolutionItems) = preProject
		.github\ISSUE_TEMPLATE\bug-report.md = .github\ISSUE_TEMPLATE\bug-report.md
		.github\CODEOWNERS = .github\CODEOWNERS
		.github\workflows\codeql.yml = .github\workflows\codeql.yml
		.github\workflows\dotnet.yml = .github\workflows\dotnet.yml
		.github\ISSUE_TEMPLATE\enhancement.md = .github\ISSUE_TEMPLATE\enhancement.md
	EndProjectSection
EndProject
Project("{2150E333-8FDC-42A3-9474-1A3956D46DE8}") = "Integration", "Integration", "{222BCFF6-0433-4BE2-B19F-800790CC9261}"
EndProject
Project("{2150E333-8FDC-42A3-9474-1A3956D46DE8}") = "docs", "docs", "{CC45261E-D51D-43F4-829D-34BDC3D68EEE}"
	ProjectSection(SolutionItems) = preProject
		CONTRIBUTING.md = CONTRIBUTING.md
		LICENSE = LICENSE
		README.md = README.md
	EndProjectSection
EndProject
Project("{2150E333-8FDC-42A3-9474-1A3956D46DE8}") = "Docker", "Docker", "{FEEEFBBD-B549-459A-A5F2-3F608EC1BF39}"
	ProjectSection(SolutionItems) = preProject
		tests\docker-compose.yml = tests\docker-compose.yml
		tests\kafka-start.cmd = tests\kafka-start.cmd
		tests\kafka-stop.cmd = tests\kafka-stop.cmd
	EndProjectSection
EndProject
Project("{FAE04EC0-301F-11D3-BF4B-00C04F79EFBC}") = "Epam.Kafka.HealthChecks", "src\Epam.Kafka.HealthChecks\Epam.Kafka.HealthChecks.csproj", "{F698E1DF-EF50-4358-86A1-D43A60692094}"
EndProject
Project("{FAE04EC0-301F-11D3-BF4B-00C04F79EFBC}") = "Epam.Kafka.HealthChecks.Tests", "tests\Epam.Kafka.HealthChecks.Tests\Epam.Kafka.HealthChecks.Tests.csproj", "{1A03484B-86A4-4FBA-936C-E8F6C0C03992}"
EndProject
Global
	GlobalSection(SolutionConfigurationPlatforms) = preSolution
		Debug|Any CPU = Debug|Any CPU
		Release|Any CPU = Release|Any CPU
	EndGlobalSection
	GlobalSection(ProjectConfigurationPlatforms) = postSolution
		{79C18F23-2E66-44AA-A771-50082C68282B}.Debug|Any CPU.ActiveCfg = Debug|Any CPU
		{79C18F23-2E66-44AA-A771-50082C68282B}.Debug|Any CPU.Build.0 = Debug|Any CPU
		{79C18F23-2E66-44AA-A771-50082C68282B}.Release|Any CPU.ActiveCfg = Release|Any CPU
		{79C18F23-2E66-44AA-A771-50082C68282B}.Release|Any CPU.Build.0 = Release|Any CPU
		{AFC21608-1D16-4D15-8266-A5E0E2705D3C}.Debug|Any CPU.ActiveCfg = Debug|Any CPU
		{AFC21608-1D16-4D15-8266-A5E0E2705D3C}.Debug|Any CPU.Build.0 = Debug|Any CPU
		{AFC21608-1D16-4D15-8266-A5E0E2705D3C}.Release|Any CPU.ActiveCfg = Release|Any CPU
		{AFC21608-1D16-4D15-8266-A5E0E2705D3C}.Release|Any CPU.Build.0 = Release|Any CPU
		{182A3350-00C8-496B-A7C8-4F92B664D97D}.Debug|Any CPU.ActiveCfg = Debug|Any CPU
		{182A3350-00C8-496B-A7C8-4F92B664D97D}.Debug|Any CPU.Build.0 = Debug|Any CPU
		{182A3350-00C8-496B-A7C8-4F92B664D97D}.Release|Any CPU.ActiveCfg = Release|Any CPU
		{182A3350-00C8-496B-A7C8-4F92B664D97D}.Release|Any CPU.Build.0 = Release|Any CPU
		{C74D6423-77F4-4778-8C25-9B4EA5512841}.Debug|Any CPU.ActiveCfg = Debug|Any CPU
		{C74D6423-77F4-4778-8C25-9B4EA5512841}.Debug|Any CPU.Build.0 = Debug|Any CPU
		{C74D6423-77F4-4778-8C25-9B4EA5512841}.Release|Any CPU.ActiveCfg = Release|Any CPU
		{C74D6423-77F4-4778-8C25-9B4EA5512841}.Release|Any CPU.Build.0 = Release|Any CPU
		{1C278B5D-4685-4677-8895-90244028BEB3}.Debug|Any CPU.ActiveCfg = Debug|Any CPU
		{1C278B5D-4685-4677-8895-90244028BEB3}.Debug|Any CPU.Build.0 = Debug|Any CPU
		{1C278B5D-4685-4677-8895-90244028BEB3}.Release|Any CPU.ActiveCfg = Release|Any CPU
		{1C278B5D-4685-4677-8895-90244028BEB3}.Release|Any CPU.Build.0 = Release|Any CPU
		{B89145BF-B42C-4674-BDD5-61A9BFEB4AA3}.Debug|Any CPU.ActiveCfg = Debug|Any CPU
		{B89145BF-B42C-4674-BDD5-61A9BFEB4AA3}.Debug|Any CPU.Build.0 = Debug|Any CPU
		{B89145BF-B42C-4674-BDD5-61A9BFEB4AA3}.Release|Any CPU.ActiveCfg = Release|Any CPU
		{B89145BF-B42C-4674-BDD5-61A9BFEB4AA3}.Release|Any CPU.Build.0 = Release|Any CPU
		{2E0E5146-9022-41A4-A8F6-7460F69639B1}.Debug|Any CPU.ActiveCfg = Debug|Any CPU
		{2E0E5146-9022-41A4-A8F6-7460F69639B1}.Debug|Any CPU.Build.0 = Debug|Any CPU
		{2E0E5146-9022-41A4-A8F6-7460F69639B1}.Release|Any CPU.ActiveCfg = Release|Any CPU
		{2E0E5146-9022-41A4-A8F6-7460F69639B1}.Release|Any CPU.Build.0 = Release|Any CPU
		{191052C8-A238-40F2-9322-A8B98CECA156}.Debug|Any CPU.ActiveCfg = Debug|Any CPU
		{191052C8-A238-40F2-9322-A8B98CECA156}.Debug|Any CPU.Build.0 = Debug|Any CPU
		{191052C8-A238-40F2-9322-A8B98CECA156}.Release|Any CPU.ActiveCfg = Release|Any CPU
		{191052C8-A238-40F2-9322-A8B98CECA156}.Release|Any CPU.Build.0 = Release|Any CPU
		{9BF7230E-5647-44F5-A7E5-CAA5C80A5A94}.Debug|Any CPU.ActiveCfg = Debug|Any CPU
		{9BF7230E-5647-44F5-A7E5-CAA5C80A5A94}.Debug|Any CPU.Build.0 = Debug|Any CPU
		{9BF7230E-5647-44F5-A7E5-CAA5C80A5A94}.Release|Any CPU.ActiveCfg = Release|Any CPU
		{9BF7230E-5647-44F5-A7E5-CAA5C80A5A94}.Release|Any CPU.Build.0 = Release|Any CPU
		{F698E1DF-EF50-4358-86A1-D43A60692094}.Debug|Any CPU.ActiveCfg = Debug|Any CPU
		{F698E1DF-EF50-4358-86A1-D43A60692094}.Debug|Any CPU.Build.0 = Debug|Any CPU
		{F698E1DF-EF50-4358-86A1-D43A60692094}.Release|Any CPU.ActiveCfg = Release|Any CPU
		{F698E1DF-EF50-4358-86A1-D43A60692094}.Release|Any CPU.Build.0 = Release|Any CPU
		{1A03484B-86A4-4FBA-936C-E8F6C0C03992}.Debug|Any CPU.ActiveCfg = Debug|Any CPU
		{1A03484B-86A4-4FBA-936C-E8F6C0C03992}.Debug|Any CPU.Build.0 = Debug|Any CPU
		{1A03484B-86A4-4FBA-936C-E8F6C0C03992}.Release|Any CPU.ActiveCfg = Release|Any CPU
		{1A03484B-86A4-4FBA-936C-E8F6C0C03992}.Release|Any CPU.Build.0 = Release|Any CPU
	EndGlobalSection
	GlobalSection(SolutionProperties) = preSolution
		HideSolutionNode = FALSE
	EndGlobalSection
	GlobalSection(NestedProjects) = preSolution
		{79C18F23-2E66-44AA-A771-50082C68282B} = {E0525F24-5B2C-4D26-A93F-6817B1540C87}
		{AFC21608-1D16-4D15-8266-A5E0E2705D3C} = {837928B6-19AD-471C-A875-912C7F1F97C7}
		{182A3350-00C8-496B-A7C8-4F92B664D97D} = {E0525F24-5B2C-4D26-A93F-6817B1540C87}
		{C74D6423-77F4-4778-8C25-9B4EA5512841} = {E0525F24-5B2C-4D26-A93F-6817B1540C87}
		{1C278B5D-4685-4677-8895-90244028BEB3} = {837928B6-19AD-471C-A875-912C7F1F97C7}
		{B89145BF-B42C-4674-BDD5-61A9BFEB4AA3} = {837928B6-19AD-471C-A875-912C7F1F97C7}
		{2E0E5146-9022-41A4-A8F6-7460F69639B1} = {222BCFF6-0433-4BE2-B19F-800790CC9261}
		{191052C8-A238-40F2-9322-A8B98CECA156} = {E0525F24-5B2C-4D26-A93F-6817B1540C87}
		{9BF7230E-5647-44F5-A7E5-CAA5C80A5A94} = {837928B6-19AD-471C-A875-912C7F1F97C7}
		{A87B39B7-FF58-4305-83E5-5AE99D3ECC1A} = {A5013F6E-5A4E-4FC5-8A20-96AEB83BA9C7}
		{222BCFF6-0433-4BE2-B19F-800790CC9261} = {837928B6-19AD-471C-A875-912C7F1F97C7}
		{CC45261E-D51D-43F4-829D-34BDC3D68EEE} = {A5013F6E-5A4E-4FC5-8A20-96AEB83BA9C7}
		{FEEEFBBD-B549-459A-A5F2-3F608EC1BF39} = {222BCFF6-0433-4BE2-B19F-800790CC9261}
		{F698E1DF-EF50-4358-86A1-D43A60692094} = {E0525F24-5B2C-4D26-A93F-6817B1540C87}
		{1A03484B-86A4-4FBA-936C-E8F6C0C03992} = {837928B6-19AD-471C-A875-912C7F1F97C7}
	EndGlobalSection
	GlobalSection(ExtensibilityGlobals) = postSolution
		SolutionGuid = {12AADABB-DDF0-4214-9300-49F6F55819DA}
	EndGlobalSection
EndGlobal
